// !$*UTF8*$!
{
	archiveVersion = 1;
	classes = {
	};
	objectVersion = 48;
	objects = {

/* Begin PBXBuildFile section */
		43B1A16DCD40CCF439AD3AF6 /* Pods_MysticCompanion.framework in Frameworks */ = {isa = PBXBuildFile; fileRef = B0701036F9FC1BFBA71D63B8 /* Pods_MysticCompanion.framework */; };
		9B0D31F71FCDB67D006F7805 /* HomeFunctions.swift in Sources */ = {isa = PBXBuildFile; fileRef = 9B0D31F61FCDB67D006F7805 /* HomeFunctions.swift */; };
		9B0D31FC1FCDC581006F7805 /* LoginVC.swift in Sources */ = {isa = PBXBuildFile; fileRef = 9B0D31FB1FCDC581006F7805 /* LoginVC.swift */; };
		9B0D31FE1FCDEAEE006F7805 /* LoginLayout.swift in Sources */ = {isa = PBXBuildFile; fileRef = 9B0D31FD1FCDEAEE006F7805 /* LoginLayout.swift */; };
		9B0D32041FCE0C74006F7805 /* EndGameVC.swift in Sources */ = {isa = PBXBuildFile; fileRef = 9B0D32031FCE0C74006F7805 /* EndGameVC.swift */; };
		9B0D32071FCE0CA2006F7805 /* SettingsVC.swift in Sources */ = {isa = PBXBuildFile; fileRef = 9B0D32061FCE0CA2006F7805 /* SettingsVC.swift */; };
		9B0D320A1FCE480B006F7805 /* GameVC.swift in Sources */ = {isa = PBXBuildFile; fileRef = 9B0D32091FCE480B006F7805 /* GameVC.swift */; };
		9B0D320E1FCE4EFF006F7805 /* SettingsLayout.swift in Sources */ = {isa = PBXBuildFile; fileRef = 9B0D320D1FCE4EFF006F7805 /* SettingsLayout.swift */; };
		9B0D32101FCE5632006F7805 /* PreviousGameCell.swift in Sources */ = {isa = PBXBuildFile; fileRef = 9B0D320F1FCE5632006F7805 /* PreviousGameCell.swift */; };
		9B0D32131FD02384006F7805 /* Player.swift in Sources */ = {isa = PBXBuildFile; fileRef = 9B0D32121FD02384006F7805 /* Player.swift */; };
		9B0D32151FD023A1006F7805 /* GameHandler.swift in Sources */ = {isa = PBXBuildFile; fileRef = 9B0D32141FD023A1006F7805 /* GameHandler.swift */; };
		9B0D32171FD0240C006F7805 /* SettingsCoreData.swift in Sources */ = {isa = PBXBuildFile; fileRef = 9B0D32161FD0240C006F7805 /* SettingsCoreData.swift */; };
		9B0D32191FD02C76006F7805 /* SettingsSKHelper.swift in Sources */ = {isa = PBXBuildFile; fileRef = 9B0D32181FD02C76006F7805 /* SettingsSKHelper.swift */; };
		9B0D321B1FD04142006F7805 /* GameLobbyCell.swift in Sources */ = {isa = PBXBuildFile; fileRef = 9B0D321A1FD04142006F7805 /* GameLobbyCell.swift */; };
		9B167B481FE170B900183733 /* EndGameLayout.swift in Sources */ = {isa = PBXBuildFile; fileRef = 9B167B471FE170B900183733 /* EndGameLayout.swift */; };
		9B167B4A1FE173B700183733 /* EndGamePlayersCell.swift in Sources */ = {isa = PBXBuildFile; fileRef = 9B167B491FE173B700183733 /* EndGamePlayersCell.swift */; };
		9B167B4C1FE173C900183733 /* EndGameFirebase.swift in Sources */ = {isa = PBXBuildFile; fileRef = 9B167B4B1FE173C900183733 /* EndGameFirebase.swift */; };
		9B167B501FE1C5CD00183733 /* NetworkIndicator.swift in Sources */ = {isa = PBXBuildFile; fileRef = 9B167B4F1FE1C5CD00183733 /* NetworkIndicator.swift */; };
		9B167B521FE1CC7200183733 /* UIViewControllerExtension.swift in Sources */ = {isa = PBXBuildFile; fileRef = 9B167B511FE1CC7200183733 /* UIViewControllerExtension.swift */; };
		9B73B64B1FD8B8C9007E7ECA /* LoginFirebase.swift in Sources */ = {isa = PBXBuildFile; fileRef = 9B73B64A1FD8B8C9007E7ECA /* LoginFirebase.swift */; };
		9B73B64E1FD8BAE2007E7ECA /* Alertable.swift in Sources */ = {isa = PBXBuildFile; fileRef = 9B73B64D1FD8BAE2007E7ECA /* Alertable.swift */; };
		9B73B6521FD8D0E8007E7ECA /* UIViewExtension.swift in Sources */ = {isa = PBXBuildFile; fileRef = 9B73B6511FD8D0E8007E7ECA /* UIViewExtension.swift */; };
		9B73B6541FD8E6F5007E7ECA /* HomeMapKit.swift in Sources */ = {isa = PBXBuildFile; fileRef = 9B73B6531FD8E6F5007E7ECA /* HomeMapKit.swift */; };
		9B73B6581FDAB368007E7ECA /* GameLayout.swift in Sources */ = {isa = PBXBuildFile; fileRef = 9B73B6571FDAB368007E7ECA /* GameLayout.swift */; };
		9B73B65A1FDAB668007E7ECA /* TrackerView.swift in Sources */ = {isa = PBXBuildFile; fileRef = 9B73B6591FDAB668007E7ECA /* TrackerView.swift */; };
		9B966D3D1FDD8ECA0083192B /* PlayersTableCell.swift in Sources */ = {isa = PBXBuildFile; fileRef = 9B966D3C1FDD8ECA0083192B /* PlayersTableCell.swift */; };
		9B966D3F1FDD90D40083192B /* GameFirebase.swift in Sources */ = {isa = PBXBuildFile; fileRef = 9B966D3E1FDD90D40083192B /* GameFirebase.swift */; };
		9B966D411FDEAA0D0083192B /* UIDeviceExtension.swift in Sources */ = {isa = PBXBuildFile; fileRef = 9B966D401FDEAA0D0083192B /* UIDeviceExtension.swift */; };
		9B966D431FDEE2360083192B /* KCFloatingActionButtonExtension.swift in Sources */ = {isa = PBXBuildFile; fileRef = 9B966D421FDEE2360083192B /* KCFloatingActionButtonExtension.swift */; };
		9B966D471FE022C50083192B /* Products.swift in Sources */ = {isa = PBXBuildFile; fileRef = 9B966D461FE022C50083192B /* Products.swift */; };
		9BC7BFEA1FCC6506005741CD /* AppDelegate.swift in Sources */ = {isa = PBXBuildFile; fileRef = 9BC7BFE91FCC6506005741CD /* AppDelegate.swift */; };
		9BC7BFEC1FCC6506005741CD /* HomeVC.swift in Sources */ = {isa = PBXBuildFile; fileRef = 9BC7BFEB1FCC6506005741CD /* HomeVC.swift */; };
		9BC7BFEF1FCC6506005741CD /* Main.storyboard in Resources */ = {isa = PBXBuildFile; fileRef = 9BC7BFED1FCC6506005741CD /* Main.storyboard */; };
		9BC7BFF21FCC6506005741CD /* MysticCompanion.xcdatamodeld in Sources */ = {isa = PBXBuildFile; fileRef = 9BC7BFF01FCC6506005741CD /* MysticCompanion.xcdatamodeld */; };
		9BC7BFF41FCC6506005741CD /* Assets.xcassets in Resources */ = {isa = PBXBuildFile; fileRef = 9BC7BFF31FCC6506005741CD /* Assets.xcassets */; };
		9BC7BFF71FCC6506005741CD /* LaunchScreen.storyboard in Resources */ = {isa = PBXBuildFile; fileRef = 9BC7BFF51FCC6506005741CD /* LaunchScreen.storyboard */; };
		9BC7BFFF1FCC67C7005741CD /* GoogleService-Info.plist in Resources */ = {isa = PBXBuildFile; fileRef = 9BC7BFFE1FCC67C7005741CD /* GoogleService-Info.plist */; };
		9BC7C0051FCC6F1B005741CD /* CircleView.swift in Sources */ = {isa = PBXBuildFile; fileRef = 9BC7C0041FCC6F1B005741CD /* CircleView.swift */; };
		9BC7C0071FCC6F6C005741CD /* HomeLayout.swift in Sources */ = {isa = PBXBuildFile; fileRef = 9BC7C0061FCC6F6C005741CD /* HomeLayout.swift */; };
		9BC7C0091FCC7534005741CD /* HomeFirebase.swift in Sources */ = {isa = PBXBuildFile; fileRef = 9BC7C0081FCC7534005741CD /* HomeFirebase.swift */; };
		9BC7C00C1FCCA2A4005741CD /* Constants.swift in Sources */ = {isa = PBXBuildFile; fileRef = 9BC7C00B1FCCA2A4005741CD /* Constants.swift */; };
/* End PBXBuildFile section */

/* Begin PBXFileReference section */
		66FCF40FC8208B788DDED33A /* Pods-MysticCompanion.release.xcconfig */ = {isa = PBXFileReference; includeInIndex = 1; lastKnownFileType = text.xcconfig; name = "Pods-MysticCompanion.release.xcconfig"; path = "Pods/Target Support Files/Pods-MysticCompanion/Pods-MysticCompanion.release.xcconfig"; sourceTree = "<group>"; };
		9B0D31F61FCDB67D006F7805 /* HomeFunctions.swift */ = {isa = PBXFileReference; lastKnownFileType = sourcecode.swift; path = HomeFunctions.swift; sourceTree = "<group>"; };
		9B0D31FB1FCDC581006F7805 /* LoginVC.swift */ = {isa = PBXFileReference; lastKnownFileType = sourcecode.swift; path = LoginVC.swift; sourceTree = "<group>"; };
		9B0D31FD1FCDEAEE006F7805 /* LoginLayout.swift */ = {isa = PBXFileReference; lastKnownFileType = sourcecode.swift; path = LoginLayout.swift; sourceTree = "<group>"; };
		9B0D32031FCE0C74006F7805 /* EndGameVC.swift */ = {isa = PBXFileReference; lastKnownFileType = sourcecode.swift; path = EndGameVC.swift; sourceTree = "<group>"; };
		9B0D32061FCE0CA2006F7805 /* SettingsVC.swift */ = {isa = PBXFileReference; lastKnownFileType = sourcecode.swift; path = SettingsVC.swift; sourceTree = "<group>"; };
		9B0D32091FCE480B006F7805 /* GameVC.swift */ = {isa = PBXFileReference; lastKnownFileType = sourcecode.swift; path = GameVC.swift; sourceTree = "<group>"; };
		9B0D320D1FCE4EFF006F7805 /* SettingsLayout.swift */ = {isa = PBXFileReference; lastKnownFileType = sourcecode.swift; path = SettingsLayout.swift; sourceTree = "<group>"; };
		9B0D320F1FCE5632006F7805 /* PreviousGameCell.swift */ = {isa = PBXFileReference; lastKnownFileType = sourcecode.swift; path = PreviousGameCell.swift; sourceTree = "<group>"; };
		9B0D32121FD02384006F7805 /* Player.swift */ = {isa = PBXFileReference; lastKnownFileType = sourcecode.swift; path = Player.swift; sourceTree = "<group>"; };
		9B0D32141FD023A1006F7805 /* GameHandler.swift */ = {isa = PBXFileReference; lastKnownFileType = sourcecode.swift; path = GameHandler.swift; sourceTree = "<group>"; };
		9B0D32161FD0240C006F7805 /* SettingsCoreData.swift */ = {isa = PBXFileReference; lastKnownFileType = sourcecode.swift; path = SettingsCoreData.swift; sourceTree = "<group>"; };
		9B0D32181FD02C76006F7805 /* SettingsSKHelper.swift */ = {isa = PBXFileReference; lastKnownFileType = sourcecode.swift; path = SettingsSKHelper.swift; sourceTree = "<group>"; };
		9B0D321A1FD04142006F7805 /* GameLobbyCell.swift */ = {isa = PBXFileReference; lastKnownFileType = sourcecode.swift; path = GameLobbyCell.swift; sourceTree = "<group>"; };
		9B0D321C1FD044B7006F7805 /* FBSDKCoreKit.framework */ = {isa = PBXFileReference; lastKnownFileType = wrapper.framework; name = FBSDKCoreKit.framework; path = ../../../../FacebookSDK/FBSDKCoreKit.framework; sourceTree = "<group>"; };
		9B0D321D1FD044B7006F7805 /* FBSDKLoginKit.framework */ = {isa = PBXFileReference; lastKnownFileType = wrapper.framework; name = FBSDKLoginKit.framework; path = ../../../../FacebookSDK/FBSDKLoginKit.framework; sourceTree = "<group>"; };
		9B167B471FE170B900183733 /* EndGameLayout.swift */ = {isa = PBXFileReference; lastKnownFileType = sourcecode.swift; path = EndGameLayout.swift; sourceTree = "<group>"; };
		9B167B491FE173B700183733 /* EndGamePlayersCell.swift */ = {isa = PBXFileReference; lastKnownFileType = sourcecode.swift; path = EndGamePlayersCell.swift; sourceTree = "<group>"; };
		9B167B4B1FE173C900183733 /* EndGameFirebase.swift */ = {isa = PBXFileReference; lastKnownFileType = sourcecode.swift; path = EndGameFirebase.swift; sourceTree = "<group>"; };
		9B167B4F1FE1C5CD00183733 /* NetworkIndicator.swift */ = {isa = PBXFileReference; lastKnownFileType = sourcecode.swift; path = NetworkIndicator.swift; sourceTree = "<group>"; };
		9B167B511FE1CC7200183733 /* UIViewControllerExtension.swift */ = {isa = PBXFileReference; lastKnownFileType = sourcecode.swift; path = UIViewControllerExtension.swift; sourceTree = "<group>"; };
		9B73B64A1FD8B8C9007E7ECA /* LoginFirebase.swift */ = {isa = PBXFileReference; lastKnownFileType = sourcecode.swift; path = LoginFirebase.swift; sourceTree = "<group>"; };
		9B73B64D1FD8BAE2007E7ECA /* Alertable.swift */ = {isa = PBXFileReference; fileEncoding = 4; lastKnownFileType = sourcecode.swift; path = Alertable.swift; sourceTree = "<group>"; };
		9B73B6511FD8D0E8007E7ECA /* UIViewExtension.swift */ = {isa = PBXFileReference; lastKnownFileType = sourcecode.swift; path = UIViewExtension.swift; sourceTree = "<group>"; };
		9B73B6531FD8E6F5007E7ECA /* HomeMapKit.swift */ = {isa = PBXFileReference; lastKnownFileType = sourcecode.swift; path = HomeMapKit.swift; sourceTree = "<group>"; };
		9B73B6571FDAB368007E7ECA /* GameLayout.swift */ = {isa = PBXFileReference; lastKnownFileType = sourcecode.swift; path = GameLayout.swift; sourceTree = "<group>"; };
		9B73B6591FDAB668007E7ECA /* TrackerView.swift */ = {isa = PBXFileReference; lastKnownFileType = sourcecode.swift; path = TrackerView.swift; sourceTree = "<group>"; };
		9B966D3C1FDD8ECA0083192B /* PlayersTableCell.swift */ = {isa = PBXFileReference; lastKnownFileType = sourcecode.swift; path = PlayersTableCell.swift; sourceTree = "<group>"; };
		9B966D3E1FDD90D40083192B /* GameFirebase.swift */ = {isa = PBXFileReference; lastKnownFileType = sourcecode.swift; path = GameFirebase.swift; sourceTree = "<group>"; };
		9B966D401FDEAA0D0083192B /* UIDeviceExtension.swift */ = {isa = PBXFileReference; lastKnownFileType = sourcecode.swift; path = UIDeviceExtension.swift; sourceTree = "<group>"; };
		9B966D421FDEE2360083192B /* KCFloatingActionButtonExtension.swift */ = {isa = PBXFileReference; lastKnownFileType = sourcecode.swift; path = KCFloatingActionButtonExtension.swift; sourceTree = "<group>"; };
		9B966D461FE022C50083192B /* Products.swift */ = {isa = PBXFileReference; lastKnownFileType = sourcecode.swift; path = Products.swift; sourceTree = "<group>"; };
		9BC7BFE61FCC6506005741CD /* MysticCompanion.app */ = {isa = PBXFileReference; explicitFileType = wrapper.application; includeInIndex = 0; path = MysticCompanion.app; sourceTree = BUILT_PRODUCTS_DIR; };
		9BC7BFE91FCC6506005741CD /* AppDelegate.swift */ = {isa = PBXFileReference; lastKnownFileType = sourcecode.swift; path = AppDelegate.swift; sourceTree = "<group>"; };
		9BC7BFEB1FCC6506005741CD /* HomeVC.swift */ = {isa = PBXFileReference; lastKnownFileType = sourcecode.swift; path = HomeVC.swift; sourceTree = "<group>"; };
		9BC7BFEE1FCC6506005741CD /* Base */ = {isa = PBXFileReference; lastKnownFileType = file.storyboard; name = Base; path = Base.lproj/Main.storyboard; sourceTree = "<group>"; };
		9BC7BFF11FCC6506005741CD /* MysticCompanion.xcdatamodel */ = {isa = PBXFileReference; lastKnownFileType = wrapper.xcdatamodel; path = MysticCompanion.xcdatamodel; sourceTree = "<group>"; };
		9BC7BFF31FCC6506005741CD /* Assets.xcassets */ = {isa = PBXFileReference; lastKnownFileType = folder.assetcatalog; path = Assets.xcassets; sourceTree = "<group>"; };
		9BC7BFF61FCC6506005741CD /* Base */ = {isa = PBXFileReference; lastKnownFileType = file.storyboard; name = Base; path = Base.lproj/LaunchScreen.storyboard; sourceTree = "<group>"; };
		9BC7BFF81FCC6506005741CD /* Info.plist */ = {isa = PBXFileReference; lastKnownFileType = text.plist.xml; path = Info.plist; sourceTree = "<group>"; };
		9BC7BFFE1FCC67C7005741CD /* GoogleService-Info.plist */ = {isa = PBXFileReference; fileEncoding = 4; lastKnownFileType = text.plist.xml; path = "GoogleService-Info.plist"; sourceTree = "<group>"; };
		9BC7C0041FCC6F1B005741CD /* CircleView.swift */ = {isa = PBXFileReference; fileEncoding = 4; lastKnownFileType = sourcecode.swift; path = CircleView.swift; sourceTree = "<group>"; };
		9BC7C0061FCC6F6C005741CD /* HomeLayout.swift */ = {isa = PBXFileReference; lastKnownFileType = sourcecode.swift; path = HomeLayout.swift; sourceTree = "<group>"; };
		9BC7C0081FCC7534005741CD /* HomeFirebase.swift */ = {isa = PBXFileReference; lastKnownFileType = sourcecode.swift; path = HomeFirebase.swift; sourceTree = "<group>"; };
		9BC7C00B1FCCA2A4005741CD /* Constants.swift */ = {isa = PBXFileReference; lastKnownFileType = sourcecode.swift; path = Constants.swift; sourceTree = "<group>"; };
		B0701036F9FC1BFBA71D63B8 /* Pods_MysticCompanion.framework */ = {isa = PBXFileReference; explicitFileType = wrapper.framework; includeInIndex = 0; path = Pods_MysticCompanion.framework; sourceTree = BUILT_PRODUCTS_DIR; };
		C86938E58E650349541B72EB /* Pods-MysticCompanion.debug.xcconfig */ = {isa = PBXFileReference; includeInIndex = 1; lastKnownFileType = text.xcconfig; name = "Pods-MysticCompanion.debug.xcconfig"; path = "Pods/Target Support Files/Pods-MysticCompanion/Pods-MysticCompanion.debug.xcconfig"; sourceTree = "<group>"; };
/* End PBXFileReference section */

/* Begin PBXFrameworksBuildPhase section */
		9BC7BFE31FCC6506005741CD /* Frameworks */ = {
			isa = PBXFrameworksBuildPhase;
			buildActionMask = 2147483647;
			files = (
				43B1A16DCD40CCF439AD3AF6 /* Pods_MysticCompanion.framework in Frameworks */,
			);
			runOnlyForDeploymentPostprocessing = 0;
		};
/* End PBXFrameworksBuildPhase section */

/* Begin PBXGroup section */
		0A6B97D8B63CD11662DC4B00 /* Frameworks */ = {
			isa = PBXGroup;
			children = (
				9B0D321C1FD044B7006F7805 /* FBSDKCoreKit.framework */,
				9B0D321D1FD044B7006F7805 /* FBSDKLoginKit.framework */,
				B0701036F9FC1BFBA71D63B8 /* Pods_MysticCompanion.framework */,
			);
			name = Frameworks;
			sourceTree = "<group>";
		};
		6DB64FD204CFE58E3BA1485D /* Pods */ = {
			isa = PBXGroup;
			children = (
				C86938E58E650349541B72EB /* Pods-MysticCompanion.debug.xcconfig */,
				66FCF40FC8208B788DDED33A /* Pods-MysticCompanion.release.xcconfig */,
			);
			name = Pods;
			sourceTree = "<group>";
		};
		9B0D31FA1FCDC546006F7805 /* FirebaseLogin */ = {
			isa = PBXGroup;
			children = (
				9B0D31FB1FCDC581006F7805 /* LoginVC.swift */,
				9B0D31FD1FCDEAEE006F7805 /* LoginLayout.swift */,
				9B73B64A1FD8B8C9007E7ECA /* LoginFirebase.swift */,
			);
			path = FirebaseLogin;
			sourceTree = "<group>";
		};
		9B0D32001FCE0C3C006F7805 /* EndGameVC */ = {
			isa = PBXGroup;
			children = (
				9B0D32031FCE0C74006F7805 /* EndGameVC.swift */,
				9B167B471FE170B900183733 /* EndGameLayout.swift */,
				9B167B4B1FE173C900183733 /* EndGameFirebase.swift */,
			);
			path = EndGameVC;
			sourceTree = "<group>";
		};
		9B0D32051FCE0C8E006F7805 /* SettingsVC */ = {
			isa = PBXGroup;
			children = (
				9B0D32061FCE0CA2006F7805 /* SettingsVC.swift */,
				9B0D320D1FCE4EFF006F7805 /* SettingsLayout.swift */,
				9B0D32161FD0240C006F7805 /* SettingsCoreData.swift */,
				9B0D32181FD02C76006F7805 /* SettingsSKHelper.swift */,
			);
			path = SettingsVC;
			sourceTree = "<group>";
		};
		9B0D32081FCE47E6006F7805 /* GameVC */ = {
			isa = PBXGroup;
			children = (
				9B0D32091FCE480B006F7805 /* GameVC.swift */,
				9B73B6571FDAB368007E7ECA /* GameLayout.swift */,
				9B966D3E1FDD90D40083192B /* GameFirebase.swift */,
			);
			name = GameVC;
			path = "New Group";
			sourceTree = "<group>";
		};
		9B0D32111FD02282006F7805 /* Model */ = {
			isa = PBXGroup;
			children = (
				9BC7BFF01FCC6506005741CD /* MysticCompanion.xcdatamodeld */,
				9B0D32121FD02384006F7805 /* Player.swift */,
			);
			path = Model;
			sourceTree = "<group>";
		};
		9B73B6471FD8B654007E7ECA /* Extensions */ = {
			isa = PBXGroup;
			children = (
				9B73B6511FD8D0E8007E7ECA /* UIViewExtension.swift */,
				9B167B511FE1CC7200183733 /* UIViewControllerExtension.swift */,
				9B966D401FDEAA0D0083192B /* UIDeviceExtension.swift */,
				9B966D421FDEE2360083192B /* KCFloatingActionButtonExtension.swift */,
			);
			path = Extensions;
			sourceTree = "<group>";
		};
		9B73B64C1FD8BACD007E7ECA /* Protocols */ = {
			isa = PBXGroup;
			children = (
				9B73B64D1FD8BAE2007E7ECA /* Alertable.swift */,
			);
			path = Protocols;
			sourceTree = "<group>";
		};
		9BC7BFDD1FCC6506005741CD = {
			isa = PBXGroup;
			children = (
				9BC7BFE81FCC6506005741CD /* MysticCompanion */,
				9BC7BFE71FCC6506005741CD /* Products */,
				6DB64FD204CFE58E3BA1485D /* Pods */,
				0A6B97D8B63CD11662DC4B00 /* Frameworks */,
			);
			sourceTree = "<group>";
		};
		9BC7BFE71FCC6506005741CD /* Products */ = {
			isa = PBXGroup;
			children = (
				9BC7BFE61FCC6506005741CD /* MysticCompanion.app */,
			);
			name = Products;
			sourceTree = "<group>";
		};
		9BC7BFE81FCC6506005741CD /* MysticCompanion */ = {
			isa = PBXGroup;
			children = (
				9B73B64C1FD8BACD007E7ECA /* Protocols */,
				9B73B6471FD8B654007E7ECA /* Extensions */,
				9B0D32111FD02282006F7805 /* Model */,
				9BC7C00A1FCCA28C005741CD /* Uitlities */,
				9BC7C0021FCC6EF6005741CD /* View */,
				9BC7C0001FCC6B6B005741CD /* Controller */,
				9BC7BFE91FCC6506005741CD /* AppDelegate.swift */,
				9BC7BFED1FCC6506005741CD /* Main.storyboard */,
				9BC7BFF31FCC6506005741CD /* Assets.xcassets */,
				9BC7BFF51FCC6506005741CD /* LaunchScreen.storyboard */,
				9BC7BFFE1FCC67C7005741CD /* GoogleService-Info.plist */,
				9BC7BFF81FCC6506005741CD /* Info.plist */,
			);
			path = MysticCompanion;
			sourceTree = "<group>";
		};
		9BC7C0001FCC6B6B005741CD /* Controller */ = {
			isa = PBXGroup;
			children = (
				9BC7C0011FCC6B91005741CD /* HomeVC */,
				9B0D31FA1FCDC546006F7805 /* FirebaseLogin */,
				9B0D32081FCE47E6006F7805 /* GameVC */,
				9B0D32001FCE0C3C006F7805 /* EndGameVC */,
				9B0D32051FCE0C8E006F7805 /* SettingsVC */,
			);
			path = Controller;
			sourceTree = "<group>";
		};
		9BC7C0011FCC6B91005741CD /* HomeVC */ = {
			isa = PBXGroup;
			children = (
				9BC7BFEB1FCC6506005741CD /* HomeVC.swift */,
				9B0D31F61FCDB67D006F7805 /* HomeFunctions.swift */,
				9BC7C0061FCC6F6C005741CD /* HomeLayout.swift */,
				9B73B6531FD8E6F5007E7ECA /* HomeMapKit.swift */,
				9BC7C0081FCC7534005741CD /* HomeFirebase.swift */,
			);
			path = HomeVC;
			sourceTree = "<group>";
		};
		9BC7C0021FCC6EF6005741CD /* View */ = {
			isa = PBXGroup;
			children = (
				9B0D320F1FCE5632006F7805 /* PreviousGameCell.swift */,
				9B0D321A1FD04142006F7805 /* GameLobbyCell.swift */,
				9B966D3C1FDD8ECA0083192B /* PlayersTableCell.swift */,
				9B167B491FE173B700183733 /* EndGamePlayersCell.swift */,
				9BC7C0031FCC6EFC005741CD /* Style */,
			);
			path = View;
			sourceTree = "<group>";
		};
		9BC7C0031FCC6EFC005741CD /* Style */ = {
			isa = PBXGroup;
			children = (
				9BC7C0041FCC6F1B005741CD /* CircleView.swift */,
				9B73B6591FDAB668007E7ECA /* TrackerView.swift */,
			);
			path = Style;
			sourceTree = "<group>";
		};
		9BC7C00A1FCCA28C005741CD /* Uitlities */ = {
			isa = PBXGroup;
			children = (
				9BC7C00B1FCCA2A4005741CD /* Constants.swift */,
				9B0D32141FD023A1006F7805 /* GameHandler.swift */,
				9B167B4F1FE1C5CD00183733 /* NetworkIndicator.swift */,
				9B966D461FE022C50083192B /* Products.swift */,
			);
			path = Uitlities;
			sourceTree = "<group>";
		};
/* End PBXGroup section */

/* Begin PBXNativeTarget section */
		9BC7BFE51FCC6506005741CD /* MysticCompanion */ = {
			isa = PBXNativeTarget;
			buildConfigurationList = 9BC7BFFB1FCC6506005741CD /* Build configuration list for PBXNativeTarget "MysticCompanion" */;
			buildPhases = (
				2B75ADA1E2561CED2D1F0047 /* [CP] Check Pods Manifest.lock */,
				9BC7BFE21FCC6506005741CD /* Sources */,
				9BC7BFE31FCC6506005741CD /* Frameworks */,
				9BC7BFE41FCC6506005741CD /* Resources */,
				F6E445D440DF0651E860FB3B /* [CP] Embed Pods Frameworks */,
				79FE3C6129F8A7D884BDA3F9 /* [CP] Copy Pods Resources */,
			);
			buildRules = (
			);
			dependencies = (
			);
			name = MysticCompanion;
			productName = MysticCompanion;
			productReference = 9BC7BFE61FCC6506005741CD /* MysticCompanion.app */;
			productType = "com.apple.product-type.application";
		};
/* End PBXNativeTarget section */

/* Begin PBXProject section */
		9BC7BFDE1FCC6506005741CD /* Project object */ = {
			isa = PBXProject;
			attributes = {
				LastSwiftUpdateCheck = 0910;
				LastUpgradeCheck = 0910;
				ORGANIZATIONNAME = "Craunic Productions";
				TargetAttributes = {
					9BC7BFE51FCC6506005741CD = {
						CreatedOnToolsVersion = 9.1;
						ProvisioningStyle = Automatic;
					};
				};
			};
			buildConfigurationList = 9BC7BFE11FCC6506005741CD /* Build configuration list for PBXProject "MysticCompanion" */;
			compatibilityVersion = "Xcode 8.0";
			developmentRegion = en;
			hasScannedForEncodings = 0;
			knownRegions = (
				en,
				Base,
			);
			mainGroup = 9BC7BFDD1FCC6506005741CD;
			productRefGroup = 9BC7BFE71FCC6506005741CD /* Products */;
			projectDirPath = "";
			projectRoot = "";
			targets = (
				9BC7BFE51FCC6506005741CD /* MysticCompanion */,
			);
		};
/* End PBXProject section */

/* Begin PBXResourcesBuildPhase section */
		9BC7BFE41FCC6506005741CD /* Resources */ = {
			isa = PBXResourcesBuildPhase;
			buildActionMask = 2147483647;
			files = (
				9BC7BFF71FCC6506005741CD /* LaunchScreen.storyboard in Resources */,
				9BC7BFFF1FCC67C7005741CD /* GoogleService-Info.plist in Resources */,
				9BC7BFF41FCC6506005741CD /* Assets.xcassets in Resources */,
				9BC7BFEF1FCC6506005741CD /* Main.storyboard in Resources */,
			);
			runOnlyForDeploymentPostprocessing = 0;
		};
/* End PBXResourcesBuildPhase section */

/* Begin PBXShellScriptBuildPhase section */
		2B75ADA1E2561CED2D1F0047 /* [CP] Check Pods Manifest.lock */ = {
			isa = PBXShellScriptBuildPhase;
			buildActionMask = 2147483647;
			files = (
			);
			inputPaths = (
			);
			name = "[CP] Check Pods Manifest.lock";
			outputPaths = (
			);
			runOnlyForDeploymentPostprocessing = 0;
			shellPath = /bin/sh;
			shellScript = "diff \"${PODS_ROOT}/../Podfile.lock\" \"${PODS_ROOT}/Manifest.lock\" > /dev/null\nif [ $? != 0 ] ; then\n    # print error to STDERR\n    echo \"error: The sandbox is not in sync with the Podfile.lock. Run 'pod install' or update your CocoaPods installation.\" >&2\n    exit 1\nfi\n";
			showEnvVarsInLog = 0;
		};
		79FE3C6129F8A7D884BDA3F9 /* [CP] Copy Pods Resources */ = {
			isa = PBXShellScriptBuildPhase;
			buildActionMask = 2147483647;
			files = (
			);
			inputPaths = (
			);
			name = "[CP] Copy Pods Resources";
			outputPaths = (
			);
			runOnlyForDeploymentPostprocessing = 0;
			shellPath = /bin/sh;
			shellScript = "\"${SRCROOT}/Pods/Target Support Files/Pods-MysticCompanion/Pods-MysticCompanion-resources.sh\"\n";
			showEnvVarsInLog = 0;
		};
		F6E445D440DF0651E860FB3B /* [CP] Embed Pods Frameworks */ = {
			isa = PBXShellScriptBuildPhase;
			buildActionMask = 2147483647;
			files = (
			);
			inputPaths = (
			);
			name = "[CP] Embed Pods Frameworks";
			outputPaths = (
			);
			runOnlyForDeploymentPostprocessing = 0;
			shellPath = /bin/sh;
			shellScript = "\"${SRCROOT}/Pods/Target Support Files/Pods-MysticCompanion/Pods-MysticCompanion-frameworks.sh\"\n";
			showEnvVarsInLog = 0;
		};
/* End PBXShellScriptBuildPhase section */

/* Begin PBXSourcesBuildPhase section */
		9BC7BFE21FCC6506005741CD /* Sources */ = {
			isa = PBXSourcesBuildPhase;
			buildActionMask = 2147483647;
			files = (
				9B0D320E1FCE4EFF006F7805 /* SettingsLayout.swift in Sources */,
				9B0D32171FD0240C006F7805 /* SettingsCoreData.swift in Sources */,
				9B0D31F71FCDB67D006F7805 /* HomeFunctions.swift in Sources */,
				9BC7C0051FCC6F1B005741CD /* CircleView.swift in Sources */,
				9BC7C0091FCC7534005741CD /* HomeFirebase.swift in Sources */,
				9B0D32041FCE0C74006F7805 /* EndGameVC.swift in Sources */,
				9B966D3D1FDD8ECA0083192B /* PlayersTableCell.swift in Sources */,
				9BC7BFEC1FCC6506005741CD /* HomeVC.swift in Sources */,
				9BC7BFEA1FCC6506005741CD /* AppDelegate.swift in Sources */,
				9B0D31FC1FCDC581006F7805 /* LoginVC.swift in Sources */,
				9B0D32151FD023A1006F7805 /* GameHandler.swift in Sources */,
				9B0D31FE1FCDEAEE006F7805 /* LoginLayout.swift in Sources */,
				9BC7C00C1FCCA2A4005741CD /* Constants.swift in Sources */,
				9B73B6581FDAB368007E7ECA /* GameLayout.swift in Sources */,
				9BC7BFF21FCC6506005741CD /* MysticCompanion.xcdatamodeld in Sources */,
				9B966D471FE022C50083192B /* Products.swift in Sources */,
				9B73B64B1FD8B8C9007E7ECA /* LoginFirebase.swift in Sources */,
				9B167B501FE1C5CD00183733 /* NetworkIndicator.swift in Sources */,
				9BC7C0071FCC6F6C005741CD /* HomeLayout.swift in Sources */,
				9B167B4A1FE173B700183733 /* EndGamePlayersCell.swift in Sources */,
				9B167B521FE1CC7200183733 /* UIViewControllerExtension.swift in Sources */,
				9B0D320A1FCE480B006F7805 /* GameVC.swift in Sources */,
				9B0D321B1FD04142006F7805 /* GameLobbyCell.swift in Sources */,
				9B0D32191FD02C76006F7805 /* SettingsSKHelper.swift in Sources */,
				9B167B481FE170B900183733 /* EndGameLayout.swift in Sources */,
				9B966D3F1FDD90D40083192B /* GameFirebase.swift in Sources */,
				9B167B4C1FE173C900183733 /* EndGameFirebase.swift in Sources */,
				9B73B6541FD8E6F5007E7ECA /* HomeMapKit.swift in Sources */,
				9B0D32131FD02384006F7805 /* Player.swift in Sources */,
				9B73B6521FD8D0E8007E7ECA /* UIViewExtension.swift in Sources */,
				9B73B65A1FDAB668007E7ECA /* TrackerView.swift in Sources */,
				9B0D32101FCE5632006F7805 /* PreviousGameCell.swift in Sources */,
				9B966D431FDEE2360083192B /* KCFloatingActionButtonExtension.swift in Sources */,
				9B0D32071FCE0CA2006F7805 /* SettingsVC.swift in Sources */,
				9B966D411FDEAA0D0083192B /* UIDeviceExtension.swift in Sources */,
				9B73B64E1FD8BAE2007E7ECA /* Alertable.swift in Sources */,
			);
			runOnlyForDeploymentPostprocessing = 0;
		};
/* End PBXSourcesBuildPhase section */

/* Begin PBXVariantGroup section */
		9BC7BFED1FCC6506005741CD /* Main.storyboard */ = {
			isa = PBXVariantGroup;
			children = (
				9BC7BFEE1FCC6506005741CD /* Base */,
			);
			name = Main.storyboard;
			sourceTree = "<group>";
		};
		9BC7BFF51FCC6506005741CD /* LaunchScreen.storyboard */ = {
			isa = PBXVariantGroup;
			children = (
				9BC7BFF61FCC6506005741CD /* Base */,
			);
			name = LaunchScreen.storyboard;
			sourceTree = "<group>";
		};
/* End PBXVariantGroup section */

/* Begin XCBuildConfiguration section */
		9BC7BFF91FCC6506005741CD /* Debug */ = {
			isa = XCBuildConfiguration;
			buildSettings = {
				ALWAYS_SEARCH_USER_PATHS = NO;
				CLANG_ANALYZER_NONNULL = YES;
				CLANG_ANALYZER_NUMBER_OBJECT_CONVERSION = YES_AGGRESSIVE;
				CLANG_CXX_LANGUAGE_STANDARD = "gnu++14";
				CLANG_CXX_LIBRARY = "libc++";
				CLANG_ENABLE_MODULES = YES;
				CLANG_ENABLE_OBJC_ARC = YES;
				CLANG_WARN_BLOCK_CAPTURE_AUTORELEASING = YES;
				CLANG_WARN_BOOL_CONVERSION = YES;
				CLANG_WARN_COMMA = YES;
				CLANG_WARN_CONSTANT_CONVERSION = YES;
				CLANG_WARN_DIRECT_OBJC_ISA_USAGE = YES_ERROR;
				CLANG_WARN_DOCUMENTATION_COMMENTS = YES;
				CLANG_WARN_EMPTY_BODY = YES;
				CLANG_WARN_ENUM_CONVERSION = YES;
				CLANG_WARN_INFINITE_RECURSION = YES;
				CLANG_WARN_INT_CONVERSION = YES;
				CLANG_WARN_NON_LITERAL_NULL_CONVERSION = YES;
				CLANG_WARN_OBJC_LITERAL_CONVERSION = YES;
				CLANG_WARN_OBJC_ROOT_CLASS = YES_ERROR;
				CLANG_WARN_RANGE_LOOP_ANALYSIS = YES;
				CLANG_WARN_STRICT_PROTOTYPES = YES;
				CLANG_WARN_SUSPICIOUS_MOVE = YES;
				CLANG_WARN_UNGUARDED_AVAILABILITY = YES_AGGRESSIVE;
				CLANG_WARN_UNREACHABLE_CODE = YES;
				CLANG_WARN__DUPLICATE_METHOD_MATCH = YES;
				CODE_SIGN_IDENTITY = "iPhone Developer";
				COPY_PHASE_STRIP = NO;
				DEBUG_INFORMATION_FORMAT = dwarf;
				ENABLE_STRICT_OBJC_MSGSEND = YES;
				ENABLE_TESTABILITY = YES;
				GCC_C_LANGUAGE_STANDARD = gnu11;
				GCC_DYNAMIC_NO_PIC = NO;
				GCC_NO_COMMON_BLOCKS = YES;
				GCC_OPTIMIZATION_LEVEL = 0;
				GCC_PREPROCESSOR_DEFINITIONS = (
					"DEBUG=1",
					"$(inherited)",
				);
				GCC_WARN_64_TO_32_BIT_CONVERSION = YES;
				GCC_WARN_ABOUT_RETURN_TYPE = YES_ERROR;
				GCC_WARN_UNDECLARED_SELECTOR = YES;
				GCC_WARN_UNINITIALIZED_AUTOS = YES_AGGRESSIVE;
				GCC_WARN_UNUSED_FUNCTION = YES;
				GCC_WARN_UNUSED_VARIABLE = YES;
				IPHONEOS_DEPLOYMENT_TARGET = 11.1;
				MTL_ENABLE_DEBUG_INFO = YES;
				ONLY_ACTIVE_ARCH = YES;
				SDKROOT = iphoneos;
				SWIFT_ACTIVE_COMPILATION_CONDITIONS = DEBUG;
				SWIFT_OPTIMIZATION_LEVEL = "-Onone";
			};
			name = Debug;
		};
		9BC7BFFA1FCC6506005741CD /* Release */ = {
			isa = XCBuildConfiguration;
			buildSettings = {
				ALWAYS_SEARCH_USER_PATHS = NO;
				CLANG_ANALYZER_NONNULL = YES;
				CLANG_ANALYZER_NUMBER_OBJECT_CONVERSION = YES_AGGRESSIVE;
				CLANG_CXX_LANGUAGE_STANDARD = "gnu++14";
				CLANG_CXX_LIBRARY = "libc++";
				CLANG_ENABLE_MODULES = YES;
				CLANG_ENABLE_OBJC_ARC = YES;
				CLANG_WARN_BLOCK_CAPTURE_AUTORELEASING = YES;
				CLANG_WARN_BOOL_CONVERSION = YES;
				CLANG_WARN_COMMA = YES;
				CLANG_WARN_CONSTANT_CONVERSION = YES;
				CLANG_WARN_DIRECT_OBJC_ISA_USAGE = YES_ERROR;
				CLANG_WARN_DOCUMENTATION_COMMENTS = YES;
				CLANG_WARN_EMPTY_BODY = YES;
				CLANG_WARN_ENUM_CONVERSION = YES;
				CLANG_WARN_INFINITE_RECURSION = YES;
				CLANG_WARN_INT_CONVERSION = YES;
				CLANG_WARN_NON_LITERAL_NULL_CONVERSION = YES;
				CLANG_WARN_OBJC_LITERAL_CONVERSION = YES;
				CLANG_WARN_OBJC_ROOT_CLASS = YES_ERROR;
				CLANG_WARN_RANGE_LOOP_ANALYSIS = YES;
				CLANG_WARN_STRICT_PROTOTYPES = YES;
				CLANG_WARN_SUSPICIOUS_MOVE = YES;
				CLANG_WARN_UNGUARDED_AVAILABILITY = YES_AGGRESSIVE;
				CLANG_WARN_UNREACHABLE_CODE = YES;
				CLANG_WARN__DUPLICATE_METHOD_MATCH = YES;
				CODE_SIGN_IDENTITY = "iPhone Developer";
				COPY_PHASE_STRIP = NO;
				DEBUG_INFORMATION_FORMAT = "dwarf-with-dsym";
				ENABLE_NS_ASSERTIONS = NO;
				ENABLE_STRICT_OBJC_MSGSEND = YES;
				GCC_C_LANGUAGE_STANDARD = gnu11;
				GCC_NO_COMMON_BLOCKS = YES;
				GCC_WARN_64_TO_32_BIT_CONVERSION = YES;
				GCC_WARN_ABOUT_RETURN_TYPE = YES_ERROR;
				GCC_WARN_UNDECLARED_SELECTOR = YES;
				GCC_WARN_UNINITIALIZED_AUTOS = YES_AGGRESSIVE;
				GCC_WARN_UNUSED_FUNCTION = YES;
				GCC_WARN_UNUSED_VARIABLE = YES;
				IPHONEOS_DEPLOYMENT_TARGET = 11.1;
				MTL_ENABLE_DEBUG_INFO = NO;
				SDKROOT = iphoneos;
				SWIFT_OPTIMIZATION_LEVEL = "-Owholemodule";
				VALIDATE_PRODUCT = YES;
			};
			name = Release;
		};
		9BC7BFFC1FCC6506005741CD /* Debug */ = {
			isa = XCBuildConfiguration;
			baseConfigurationReference = C86938E58E650349541B72EB /* Pods-MysticCompanion.debug.xcconfig */;
			buildSettings = {
				ASSETCATALOG_COMPILER_APPICON_NAME = AppIcon;
				CODE_SIGN_STYLE = Automatic;
				DEVELOPMENT_TEAM = 96SB47X67B;
				FRAMEWORK_SEARCH_PATHS = (
					"$(inherited)",
					"\"$PODS_CONFIGURATION_BUILD_DIR/GMStepper\"",
					"\"$PODS_CONFIGURATION_BUILD_DIR/GTMSessionFetcher\"",
					"\"$PODS_CONFIGURATION_BUILD_DIR/GoogleToolboxForMac\"",
					"\"$PODS_CONFIGURATION_BUILD_DIR/KCFloatingActionButton\"",
					"\"$PODS_CONFIGURATION_BUILD_DIR/TextFieldEffects\"",
					"\"${PODS_ROOT}/FirebaseAnalytics/Frameworks\"",
					"\"${PODS_ROOT}/FirebaseAuth/Frameworks\"",
					"\"${PODS_ROOT}/FirebaseCore/Frameworks\"",
					"\"${PODS_ROOT}/FirebaseDatabase/Frameworks\"",
					"\"${PODS_ROOT}/FirebaseInstanceID/Frameworks\"",
					"\"${PODS_ROOT}/GoogleMobileAds/Frameworks\"",
					"~/Documents/FacebookSDK",
				);
				INFOPLIST_FILE = MysticCompanion/Info.plist;
				LD_RUNPATH_SEARCH_PATHS = "$(inherited) @executable_path/Frameworks";
				PRODUCT_BUNDLE_IDENTIFIER = com.CraunicProductions.MysticCompanion;
				PRODUCT_NAME = "$(TARGET_NAME)";
				SWIFT_VERSION = 4.0;
				TARGETED_DEVICE_FAMILY = "1,2";
			};
			name = Debug;
		};
		9BC7BFFD1FCC6506005741CD /* Release */ = {
			isa = XCBuildConfiguration;
			baseConfigurationReference = 66FCF40FC8208B788DDED33A /* Pods-MysticCompanion.release.xcconfig */;
			buildSettings = {
				ASSETCATALOG_COMPILER_APPICON_NAME = AppIcon;
				CODE_SIGN_STYLE = Automatic;
				DEVELOPMENT_TEAM = 96SB47X67B;
				FRAMEWORK_SEARCH_PATHS = (
					"$(inherited)",
					"\"$PODS_CONFIGURATION_BUILD_DIR/GMStepper\"",
					"\"$PODS_CONFIGURATION_BUILD_DIR/GTMSessionFetcher\"",
					"\"$PODS_CONFIGURATION_BUILD_DIR/GoogleToolboxForMac\"",
					"\"$PODS_CONFIGURATION_BUILD_DIR/KCFloatingActionButton\"",
					"\"$PODS_CONFIGURATION_BUILD_DIR/TextFieldEffects\"",
					"\"${PODS_ROOT}/FirebaseAnalytics/Frameworks\"",
					"\"${PODS_ROOT}/FirebaseAuth/Frameworks\"",
					"\"${PODS_ROOT}/FirebaseCore/Frameworks\"",
					"\"${PODS_ROOT}/FirebaseDatabase/Frameworks\"",
					"\"${PODS_ROOT}/FirebaseInstanceID/Frameworks\"",
					"\"${PODS_ROOT}/GoogleMobileAds/Frameworks\"",
					"~/Documents/FacebookSDK",
				);
				INFOPLIST_FILE = MysticCompanion/Info.plist;
				LD_RUNPATH_SEARCH_PATHS = "$(inherited) @executable_path/Frameworks";
				PRODUCT_BUNDLE_IDENTIFIER = com.CraunicProductions.MysticCompanion;
				PRODUCT_NAME = "$(TARGET_NAME)";
				SWIFT_VERSION = 4.0;
				TARGETED_DEVICE_FAMILY = "1,2";
			};
			name = Release;
		};
/* End XCBuildConfiguration section */

/* Begin XCConfigurationList section */
		9BC7BFE11FCC6506005741CD /* Build configuration list for PBXProject "MysticCompanion" */ = {
			isa = XCConfigurationList;
			buildConfigurations = (
				9BC7BFF91FCC6506005741CD /* Debug */,
				9BC7BFFA1FCC6506005741CD /* Release */,
			);
			defaultConfigurationIsVisible = 0;
			defaultConfigurationName = Release;
		};
		9BC7BFFB1FCC6506005741CD /* Build configuration list for PBXNativeTarget "MysticCompanion" */ = {
			isa = XCConfigurationList;
			buildConfigurations = (
				9BC7BFFC1FCC6506005741CD /* Debug */,
				9BC7BFFD1FCC6506005741CD /* Release */,
			);
			defaultConfigurationIsVisible = 0;
			defaultConfigurationName = Release;
		};
/* End XCConfigurationList section */

/* Begin XCVersionGroup section */
		9BC7BFF01FCC6506005741CD /* MysticCompanion.xcdatamodeld */ = {
			isa = XCVersionGroup;
			children = (
				9BC7BFF11FCC6506005741CD /* MysticCompanion.xcdatamodel */,
			);
			currentVersion = 9BC7BFF11FCC6506005741CD /* MysticCompanion.xcdatamodel */;
			path = MysticCompanion.xcdatamodeld;
			sourceTree = "<group>";
			versionGroupType = wrapper.xcdatamodel;
		};
/* End XCVersionGroup section */
	};
	rootObject = 9BC7BFDE1FCC6506005741CD /* Project object */;
}
